
Microsoft Visual Studio Solution File, Format Version 12.00
# Visual Studio Version 16
VisualStudioVersion = 16.0.32802.440
MinimumVisualStudioVersion = 10.0.40219.1
Project("{FAE04EC0-301F-11D3-BF4B-00C04F79EFBC}") = "TradeCategory", "TradeCategory\TradeCategory.csproj", "{987771AA-B65A-45E7-A8BF-8EBB2060BEDC}"
EndProject
Global
	GlobalSection(SolutionConfigurationPlatforms) = preSolution
		Debug|Any CPU = Debug|Any CPU
		Release|Any CPU = Release|Any CPU
	EndGlobalSection
	GlobalSection(ProjectConfigurationPlatforms) = postSolution
		{987771AA-B65A-45E7-A8BF-8EBB2060BEDC}.Debug|Any CPU.ActiveCfg = Debug|Any CPU
		{987771AA-B65A-45E7-A8BF-8EBB2060BEDC}.Debug|Any CPU.Build.0 = Debug|Any CPU
		{987771AA-B65A-45E7-A8BF-8EBB2060BEDC}.Release|Any CPU.ActiveCfg = Release|Any CPU
		{987771AA-B65A-45E7-A8BF-8EBB2060BEDC}.Release|Any CPU.Build.0 = Release|Any CPU
	EndGlobalSection
	GlobalSection(SolutionProperties) = preSolution
		HideSolutionNode = FALSE
	EndGlobalSection
	GlobalSection(ExtensibilityGlobals) = postSolution
		SolutionGuid = {12AE7CA5-04D2-48C0-8226-F5D39058E014}
	EndGlobalSection
EndGlobal
